        # Generated by pub. See: http://pub.dartlang.org/doc/glossary.html#lockfile
         {"packages":{"vector_math":{"version":"0.9.6","source":"git","description":{"url":"https://github.com/johnmccutchan/DartVectorMath.git","ref":null,"resolved-ref":"095384a632ec2f95881fee005c09412e71d8ecb0"}},"browser":{"version":"0.4.1","source":"hosted","description":"browser"},"unittest":{"version":"0.4.1","source":"hosted","description":"unittest"},"meta":{"version":"0.4.1+1","source":"hosted","description":"meta"}}}
        